// !$*UTF8*$!
{
	archiveVersion = 1;
	classes = {
	};
	objectVersion = 52;
	objects = {

/* Begin PBXBuildFile section */
		44E5561C22D15E670000B95D /* AppDelegate.swift in Sources */ = {isa = PBXBuildFile; fileRef = 44E5561B22D15E670000B95D /* AppDelegate.swift */; };
		44E5561E22D15E670000B95D /* SceneDelegate.swift in Sources */ = {isa = PBXBuildFile; fileRef = 44E5561D22D15E670000B95D /* SceneDelegate.swift */; };
		44E5562022D15E670000B95D /* ContentView.swift in Sources */ = {isa = PBXBuildFile; fileRef = 44E5561F22D15E670000B95D /* ContentView.swift */; };
		44E5562222D15E690000B95D /* Assets.xcassets in Resources */ = {isa = PBXBuildFile; fileRef = 44E5562122D15E690000B95D /* Assets.xcassets */; };
		44E5562522D15E690000B95D /* Preview Assets.xcassets in Resources */ = {isa = PBXBuildFile; fileRef = 44E5562422D15E690000B95D /* Preview Assets.xcassets */; };
		44E5562822D15E690000B95D /* LaunchScreen.storyboard in Resources */ = {isa = PBXBuildFile; fileRef = 44E5562622D15E690000B95D /* LaunchScreen.storyboard */; };
		44E5563122D15F3F0000B95D /* Movie.swift in Sources */ = {isa = PBXBuildFile; fileRef = 44E5563022D15F3F0000B95D /* Movie.swift */; };
		44E5563322D1602C0000B95D /* MovieList.swift in Sources */ = {isa = PBXBuildFile; fileRef = 44E5563222D1602C0000B95D /* MovieList.swift */; };
		44E5563722D164D80000B95D /* MovieRow.swift in Sources */ = {isa = PBXBuildFile; fileRef = 44E5563622D164D80000B95D /* MovieRow.swift */; };
		44E5563C22D179BA0000B95D /* MovieDetails.swift in Sources */ = {isa = PBXBuildFile; fileRef = 44E5563B22D179BA0000B95D /* MovieDetails.swift */; };
		850D5A12248A6FE300016B1F /* ShimmerView.swift in Sources */ = {isa = PBXBuildFile; fileRef = 850D5A11248A6FE300016B1F /* ShimmerView.swift */; };
		850D5A14248AAE8400016B1F /* VideoListViewModel.swift in Sources */ = {isa = PBXBuildFile; fileRef = 850D5A13248AAE8400016B1F /* VideoListViewModel.swift */; };
		850D5A4F248E2ACC00016B1F /* APIError.swift in Sources */ = {isa = PBXBuildFile; fileRef = 850D5A45248E2ACC00016B1F /* APIError.swift */; };
		850D5A50248E2ACC00016B1F /* APIClient.swift in Sources */ = {isa = PBXBuildFile; fileRef = 850D5A46248E2ACC00016B1F /* APIClient.swift */; };
		850D5A51248E2ACC00016B1F /* HTTPParameter.swift in Sources */ = {isa = PBXBuildFile; fileRef = 850D5A48248E2ACC00016B1F /* HTTPParameter.swift */; };
		850D5A52248E2ACC00016B1F /* APIEndpoints+TVShows.swift in Sources */ = {isa = PBXBuildFile; fileRef = 850D5A4A248E2ACC00016B1F /* APIEndpoints+TVShows.swift */; };
		850D5A53248E2ACC00016B1F /* APIEndpoints.swift in Sources */ = {isa = PBXBuildFile; fileRef = 850D5A4B248E2ACC00016B1F /* APIEndpoints.swift */; };
		850D5A54248E2ACC00016B1F /* APIEndpoints+Movies.swift in Sources */ = {isa = PBXBuildFile; fileRef = 850D5A4C248E2ACC00016B1F /* APIEndpoints+Movies.swift */; };
		850D5A55248E2ACC00016B1F /* APIResponse.swift in Sources */ = {isa = PBXBuildFile; fileRef = 850D5A4D248E2ACC00016B1F /* APIResponse.swift */; };
		850D5A56248E2ACC00016B1F /* APIRequest.swift in Sources */ = {isa = PBXBuildFile; fileRef = 850D5A4E248E2ACC00016B1F /* APIRequest.swift */; };
		850D5A58248EA62F00016B1F /* NetworkMonitor.swift in Sources */ = {isa = PBXBuildFile; fileRef = 850D5A57248EA62F00016B1F /* NetworkMonitor.swift */; };
		850D5A5A248EAE5400016B1F /* APIEndpoints+Common.swift in Sources */ = {isa = PBXBuildFile; fileRef = 850D5A59248EAE5400016B1F /* APIEndpoints+Common.swift */; };
		855A5C412497D584009445F2 /* XCDYouTubeKit in Frameworks */ = {isa = PBXBuildFile; productRef = 855A5C402497D584009445F2 /* XCDYouTubeKit */; };
		855A5C4B249B7BEF009445F2 /* YouTubeVideo.swift in Sources */ = {isa = PBXBuildFile; fileRef = 855A5C4A249B7BEF009445F2 /* YouTubeVideo.swift */; };
		855B1EDF242F617D001F8F8B /* AboutView.swift in Sources */ = {isa = PBXBuildFile; fileRef = 855B1EDE242F617D001F8F8B /* AboutView.swift */; };
		855B1EE1242F61BE001F8F8B /* About.swift in Sources */ = {isa = PBXBuildFile; fileRef = 855B1EE0242F61BE001F8F8B /* About.swift */; };
		855B1EE3242F61F1001F8F8B /* SectionCardView.swift in Sources */ = {isa = PBXBuildFile; fileRef = 855B1EE2242F61F1001F8F8B /* SectionCardView.swift */; };
		855B1EE5242F6235001F8F8B /* View+Extension.swift in Sources */ = {isa = PBXBuildFile; fileRef = 855B1EE4242F6235001F8F8B /* View+Extension.swift */; };
		855B5A342427DB2A0093BB69 /* DiscoverView.swift in Sources */ = {isa = PBXBuildFile; fileRef = 855B5A332427DB2A0093BB69 /* DiscoverView.swift */; };
		855B5A362427DB4B0093BB69 /* SearchView.swift in Sources */ = {isa = PBXBuildFile; fileRef = 855B5A352427DB4B0093BB69 /* SearchView.swift */; };
		855B5A382427DE9E0093BB69 /* SettingsView.swift in Sources */ = {isa = PBXBuildFile; fileRef = 855B5A372427DE9E0093BB69 /* SettingsView.swift */; };
		855B857C243907C00002BCA2 /* FavoriteMovieRecord.swift in Sources */ = {isa = PBXBuildFile; fileRef = 855B857B243907C00002BCA2 /* FavoriteMovieRecord.swift */; };
		855B857E24390CBF0002BCA2 /* FavoriteMovieResults.swift in Sources */ = {isa = PBXBuildFile; fileRef = 855B857D24390CBF0002BCA2 /* FavoriteMovieResults.swift */; };
		855B858024390D8C0002BCA2 /* FavoritesView.swift in Sources */ = {isa = PBXBuildFile; fileRef = 855B857F24390D8C0002BCA2 /* FavoritesView.swift */; };
		855C1AD02479F6D900CD8960 /* SDWebImageSwiftUI in Frameworks */ = {isa = PBXBuildFile; productRef = 855C1ACF2479F6D900CD8960 /* SDWebImageSwiftUI */; };
		855D41DC2439E5F0000BAE61 /* ShareSheet.swift in Sources */ = {isa = PBXBuildFile; fileRef = 855D41DB2439E5F0000BAE61 /* ShareSheet.swift */; };
		855D41DE2439F738000BAE61 /* UITabView.swift in Sources */ = {isa = PBXBuildFile; fileRef = 855D41DD2439F738000BAE61 /* UITabView.swift */; };
		855D41E02439FB0E000BAE61 /* TabBarController.swift in Sources */ = {isa = PBXBuildFile; fileRef = 855D41DF2439FB0E000BAE61 /* TabBarController.swift */; };
		855D50F92430A76B00903DFE /* Wrap.swift in Sources */ = {isa = PBXBuildFile; fileRef = 855D50F82430A76B00903DFE /* Wrap.swift */; };
		855D50FB2430CB3A00903DFE /* WrapViewRepresentable.swift in Sources */ = {isa = PBXBuildFile; fileRef = 855D50FA2430CB3A00903DFE /* WrapViewRepresentable.swift */; };
		855FAD1C24C97BAF003F942C /* NotificationsView.swift in Sources */ = {isa = PBXBuildFile; fileRef = 855FAD1B24C97BAF003F942C /* NotificationsView.swift */; };
		8560236D2426C98F00F028DA /* SearchBar.swift in Sources */ = {isa = PBXBuildFile; fileRef = 8560236C2426C98F00F028DA /* SearchBar.swift */; };
		85643AAE2438947600B94BC1 /* AnyGestureRecognizer.swift in Sources */ = {isa = PBXBuildFile; fileRef = 85643AAD2438947600B94BC1 /* AnyGestureRecognizer.swift */; };
		8564F1B9247A8F930080D923 /* VideoList.swift in Sources */ = {isa = PBXBuildFile; fileRef = 8564F1B8247A8F930080D923 /* VideoList.swift */; };
		8564F1BB247A8FAF0080D923 /* Video.swift in Sources */ = {isa = PBXBuildFile; fileRef = 8564F1BA247A8FAF0080D923 /* Video.swift */; };
		8564F1BD247A93CB0080D923 /* HorizontalVideosView.swift in Sources */ = {isa = PBXBuildFile; fileRef = 8564F1BC247A93CB0080D923 /* HorizontalVideosView.swift */; };
		856DF94A2478726300347BE9 /* HorizontalMoviesView.swift in Sources */ = {isa = PBXBuildFile; fileRef = 856DF9492478726300347BE9 /* HorizontalMoviesView.swift */; };
		85ADB5E12490E575006DB02A /* UIApplication+BuildVersion.swift in Sources */ = {isa = PBXBuildFile; fileRef = 85ADB5E02490E575006DB02A /* UIApplication+BuildVersion.swift */; };
		85BDF60F249D1536005362A0 /* MobileDataUsageView.swift in Sources */ = {isa = PBXBuildFile; fileRef = 85BDF60E249D1536005362A0 /* MobileDataUsageView.swift */; };
		85BDF611249D157C005362A0 /* ThemesView.swift in Sources */ = {isa = PBXBuildFile; fileRef = 85BDF610249D157C005362A0 /* ThemesView.swift */; };
		85BDF613249D1ABA005362A0 /* ThemesViewModel.swift in Sources */ = {isa = PBXBuildFile; fileRef = 85BDF612249D1ABA005362A0 /* ThemesViewModel.swift */; };
		85BEAF342441CBE500FA78DC /* RealmSwift in Frameworks */ = {isa = PBXBuildFile; productRef = 85BEAF332441CBE500FA78DC /* RealmSwift */; };
		85CE27E02488E52400C2AB49 /* Genre.swift in Sources */ = {isa = PBXBuildFile; fileRef = 85CE27DF2488E52400C2AB49 /* Genre.swift */; };
		85CE27E22488E54600C2AB49 /* Episode.swift in Sources */ = {isa = PBXBuildFile; fileRef = 85CE27E12488E54600C2AB49 /* Episode.swift */; };
		85CE27E42488E55F00C2AB49 /* TVSeason.swift in Sources */ = {isa = PBXBuildFile; fileRef = 85CE27E32488E55F00C2AB49 /* TVSeason.swift */; };
		85CE27E62488E5F200C2AB49 /* Actor.swift in Sources */ = {isa = PBXBuildFile; fileRef = 85CE27E52488E5F200C2AB49 /* Actor.swift */; };
		85CE27E92488E6BA00C2AB49 /* MovieListViewModel.swift in Sources */ = {isa = PBXBuildFile; fileRef = 85CE27E82488E6BA00C2AB49 /* MovieListViewModel.swift */; };
		85CE27EB2488E86400C2AB49 /* GenresMovieListViewModel.swift in Sources */ = {isa = PBXBuildFile; fileRef = 85CE27EA2488E86400C2AB49 /* GenresMovieListViewModel.swift */; };
/* End PBXBuildFile section */

/* Begin PBXFileReference section */
		44E5561822D15E670000B95D /* Moviefy.app */ = {isa = PBXFileReference; explicitFileType = wrapper.application; includeInIndex = 0; path = Moviefy.app; sourceTree = BUILT_PRODUCTS_DIR; };
		44E5561B22D15E670000B95D /* AppDelegate.swift */ = {isa = PBXFileReference; lastKnownFileType = sourcecode.swift; path = AppDelegate.swift; sourceTree = "<group>"; };
		44E5561D22D15E670000B95D /* SceneDelegate.swift */ = {isa = PBXFileReference; lastKnownFileType = sourcecode.swift; path = SceneDelegate.swift; sourceTree = "<group>"; };
		44E5561F22D15E670000B95D /* ContentView.swift */ = {isa = PBXFileReference; lastKnownFileType = sourcecode.swift; path = ContentView.swift; sourceTree = "<group>"; };
		44E5562122D15E690000B95D /* Assets.xcassets */ = {isa = PBXFileReference; lastKnownFileType = folder.assetcatalog; path = Assets.xcassets; sourceTree = "<group>"; };
		44E5562422D15E690000B95D /* Preview Assets.xcassets */ = {isa = PBXFileReference; lastKnownFileType = folder.assetcatalog; path = "Preview Assets.xcassets"; sourceTree = "<group>"; };
		44E5562722D15E690000B95D /* Base */ = {isa = PBXFileReference; lastKnownFileType = file.storyboard; name = Base; path = Base.lproj/LaunchScreen.storyboard; sourceTree = "<group>"; };
		44E5562922D15E690000B95D /* Info.plist */ = {isa = PBXFileReference; lastKnownFileType = text.plist.xml; path = Info.plist; sourceTree = "<group>"; };
		44E5563022D15F3F0000B95D /* Movie.swift */ = {isa = PBXFileReference; lastKnownFileType = sourcecode.swift; path = Movie.swift; sourceTree = "<group>"; };
		44E5563222D1602C0000B95D /* MovieList.swift */ = {isa = PBXFileReference; lastKnownFileType = sourcecode.swift; path = MovieList.swift; sourceTree = "<group>"; };
		44E5563622D164D80000B95D /* MovieRow.swift */ = {isa = PBXFileReference; lastKnownFileType = sourcecode.swift; path = MovieRow.swift; sourceTree = "<group>"; };
		44E5563B22D179BA0000B95D /* MovieDetails.swift */ = {isa = PBXFileReference; lastKnownFileType = sourcecode.swift; path = MovieDetails.swift; sourceTree = "<group>"; };
		850D5A11248A6FE300016B1F /* ShimmerView.swift */ = {isa = PBXFileReference; lastKnownFileType = sourcecode.swift; path = ShimmerView.swift; sourceTree = "<group>"; };
		850D5A13248AAE8400016B1F /* VideoListViewModel.swift */ = {isa = PBXFileReference; lastKnownFileType = sourcecode.swift; path = VideoListViewModel.swift; sourceTree = "<group>"; };
		850D5A45248E2ACC00016B1F /* APIError.swift */ = {isa = PBXFileReference; fileEncoding = 4; lastKnownFileType = sourcecode.swift; path = APIError.swift; sourceTree = "<group>"; };
		850D5A46248E2ACC00016B1F /* APIClient.swift */ = {isa = PBXFileReference; fileEncoding = 4; lastKnownFileType = sourcecode.swift; path = APIClient.swift; sourceTree = "<group>"; };
		850D5A48248E2ACC00016B1F /* HTTPParameter.swift */ = {isa = PBXFileReference; fileEncoding = 4; lastKnownFileType = sourcecode.swift; path = HTTPParameter.swift; sourceTree = "<group>"; };
		850D5A4A248E2ACC00016B1F /* APIEndpoints+TVShows.swift */ = {isa = PBXFileReference; fileEncoding = 4; lastKnownFileType = sourcecode.swift; path = "APIEndpoints+TVShows.swift"; sourceTree = "<group>"; };
		850D5A4B248E2ACC00016B1F /* APIEndpoints.swift */ = {isa = PBXFileReference; fileEncoding = 4; lastKnownFileType = sourcecode.swift; path = APIEndpoints.swift; sourceTree = "<group>"; };
		850D5A4C248E2ACC00016B1F /* APIEndpoints+Movies.swift */ = {isa = PBXFileReference; fileEncoding = 4; lastKnownFileType = sourcecode.swift; path = "APIEndpoints+Movies.swift"; sourceTree = "<group>"; };
		850D5A4D248E2ACC00016B1F /* APIResponse.swift */ = {isa = PBXFileReference; fileEncoding = 4; lastKnownFileType = sourcecode.swift; path = APIResponse.swift; sourceTree = "<group>"; };
		850D5A4E248E2ACC00016B1F /* APIRequest.swift */ = {isa = PBXFileReference; fileEncoding = 4; lastKnownFileType = sourcecode.swift; path = APIRequest.swift; sourceTree = "<group>"; };
		850D5A57248EA62F00016B1F /* NetworkMonitor.swift */ = {isa = PBXFileReference; lastKnownFileType = sourcecode.swift; path = NetworkMonitor.swift; sourceTree = "<group>"; };
		850D5A59248EAE5400016B1F /* APIEndpoints+Common.swift */ = {isa = PBXFileReference; lastKnownFileType = sourcecode.swift; path = "APIEndpoints+Common.swift"; sourceTree = "<group>"; };
		855A5C4A249B7BEF009445F2 /* YouTubeVideo.swift */ = {isa = PBXFileReference; lastKnownFileType = sourcecode.swift; path = YouTubeVideo.swift; sourceTree = "<group>"; };
		855B1EDE242F617D001F8F8B /* AboutView.swift */ = {isa = PBXFileReference; lastKnownFileType = sourcecode.swift; path = AboutView.swift; sourceTree = "<group>"; };
		855B1EE0242F61BE001F8F8B /* About.swift */ = {isa = PBXFileReference; lastKnownFileType = sourcecode.swift; path = About.swift; sourceTree = "<group>"; };
		855B1EE2242F61F1001F8F8B /* SectionCardView.swift */ = {isa = PBXFileReference; lastKnownFileType = sourcecode.swift; path = SectionCardView.swift; sourceTree = "<group>"; };
		855B1EE4242F6235001F8F8B /* View+Extension.swift */ = {isa = PBXFileReference; lastKnownFileType = sourcecode.swift; path = "View+Extension.swift"; sourceTree = "<group>"; };
		855B5A332427DB2A0093BB69 /* DiscoverView.swift */ = {isa = PBXFileReference; lastKnownFileType = sourcecode.swift; path = DiscoverView.swift; sourceTree = "<group>"; };
		855B5A352427DB4B0093BB69 /* SearchView.swift */ = {isa = PBXFileReference; lastKnownFileType = sourcecode.swift; path = SearchView.swift; sourceTree = "<group>"; };
		855B5A372427DE9E0093BB69 /* SettingsView.swift */ = {isa = PBXFileReference; lastKnownFileType = sourcecode.swift; path = SettingsView.swift; sourceTree = "<group>"; };
		855B857B243907C00002BCA2 /* FavoriteMovieRecord.swift */ = {isa = PBXFileReference; lastKnownFileType = sourcecode.swift; path = FavoriteMovieRecord.swift; sourceTree = "<group>"; };
		855B857D24390CBF0002BCA2 /* FavoriteMovieResults.swift */ = {isa = PBXFileReference; lastKnownFileType = sourcecode.swift; path = FavoriteMovieResults.swift; sourceTree = "<group>"; };
		855B857F24390D8C0002BCA2 /* FavoritesView.swift */ = {isa = PBXFileReference; lastKnownFileType = sourcecode.swift; path = FavoritesView.swift; sourceTree = "<group>"; };
		855D41DB2439E5F0000BAE61 /* ShareSheet.swift */ = {isa = PBXFileReference; lastKnownFileType = sourcecode.swift; path = ShareSheet.swift; sourceTree = "<group>"; };
		855D41DD2439F738000BAE61 /* UITabView.swift */ = {isa = PBXFileReference; lastKnownFileType = sourcecode.swift; path = UITabView.swift; sourceTree = "<group>"; };
		855D41DF2439FB0E000BAE61 /* TabBarController.swift */ = {isa = PBXFileReference; lastKnownFileType = sourcecode.swift; path = TabBarController.swift; sourceTree = "<group>"; };
		855D50F82430A76B00903DFE /* Wrap.swift */ = {isa = PBXFileReference; lastKnownFileType = sourcecode.swift; path = Wrap.swift; sourceTree = "<group>"; };
		855D50FA2430CB3A00903DFE /* WrapViewRepresentable.swift */ = {isa = PBXFileReference; lastKnownFileType = sourcecode.swift; path = WrapViewRepresentable.swift; sourceTree = "<group>"; };
		855FAD1B24C97BAF003F942C /* NotificationsView.swift */ = {isa = PBXFileReference; lastKnownFileType = sourcecode.swift; path = NotificationsView.swift; sourceTree = "<group>"; };
		855FAD1D24C981D2003F942C /* Moviefy.entitlements */ = {isa = PBXFileReference; lastKnownFileType = text.plist.entitlements; path = Moviefy.entitlements; sourceTree = "<group>"; };
		8560236C2426C98F00F028DA /* SearchBar.swift */ = {isa = PBXFileReference; lastKnownFileType = sourcecode.swift; path = SearchBar.swift; sourceTree = "<group>"; };
		85643AAD2438947600B94BC1 /* AnyGestureRecognizer.swift */ = {isa = PBXFileReference; lastKnownFileType = sourcecode.swift; path = AnyGestureRecognizer.swift; sourceTree = "<group>"; };
		8564F1B8247A8F930080D923 /* VideoList.swift */ = {isa = PBXFileReference; lastKnownFileType = sourcecode.swift; path = VideoList.swift; sourceTree = "<group>"; };
		8564F1BA247A8FAF0080D923 /* Video.swift */ = {isa = PBXFileReference; lastKnownFileType = sourcecode.swift; path = Video.swift; sourceTree = "<group>"; };
		8564F1BC247A93CB0080D923 /* HorizontalVideosView.swift */ = {isa = PBXFileReference; lastKnownFileType = sourcecode.swift; path = HorizontalVideosView.swift; sourceTree = "<group>"; };
		856DF9492478726300347BE9 /* HorizontalMoviesView.swift */ = {isa = PBXFileReference; lastKnownFileType = sourcecode.swift; path = HorizontalMoviesView.swift; sourceTree = "<group>"; };
		85ADB5E02490E575006DB02A /* UIApplication+BuildVersion.swift */ = {isa = PBXFileReference; lastKnownFileType = sourcecode.swift; path = "UIApplication+BuildVersion.swift"; sourceTree = "<group>"; };
		85BDF60E249D1536005362A0 /* MobileDataUsageView.swift */ = {isa = PBXFileReference; lastKnownFileType = sourcecode.swift; path = MobileDataUsageView.swift; sourceTree = "<group>"; };
		85BDF610249D157C005362A0 /* ThemesView.swift */ = {isa = PBXFileReference; lastKnownFileType = sourcecode.swift; path = ThemesView.swift; sourceTree = "<group>"; };
		85BDF612249D1ABA005362A0 /* ThemesViewModel.swift */ = {isa = PBXFileReference; lastKnownFileType = sourcecode.swift; path = ThemesViewModel.swift; sourceTree = "<group>"; };
		85CE27DF2488E52400C2AB49 /* Genre.swift */ = {isa = PBXFileReference; lastKnownFileType = sourcecode.swift; path = Genre.swift; sourceTree = "<group>"; };
		85CE27E12488E54600C2AB49 /* Episode.swift */ = {isa = PBXFileReference; lastKnownFileType = sourcecode.swift; path = Episode.swift; sourceTree = "<group>"; };
		85CE27E32488E55F00C2AB49 /* TVSeason.swift */ = {isa = PBXFileReference; lastKnownFileType = sourcecode.swift; path = TVSeason.swift; sourceTree = "<group>"; };
		85CE27E52488E5F200C2AB49 /* Actor.swift */ = {isa = PBXFileReference; lastKnownFileType = sourcecode.swift; path = Actor.swift; sourceTree = "<group>"; };
		85CE27E82488E6BA00C2AB49 /* MovieListViewModel.swift */ = {isa = PBXFileReference; lastKnownFileType = sourcecode.swift; path = MovieListViewModel.swift; sourceTree = "<group>"; };
		85CE27EA2488E86400C2AB49 /* GenresMovieListViewModel.swift */ = {isa = PBXFileReference; lastKnownFileType = sourcecode.swift; path = GenresMovieListViewModel.swift; sourceTree = "<group>"; };
/* End PBXFileReference section */

/* Begin PBXFrameworksBuildPhase section */
		44E5561522D15E670000B95D /* Frameworks */ = {
			isa = PBXFrameworksBuildPhase;
			buildActionMask = 2147483647;
			files = (
				855C1AD02479F6D900CD8960 /* SDWebImageSwiftUI in Frameworks */,
				855A5C412497D584009445F2 /* XCDYouTubeKit in Frameworks */,
				85BEAF342441CBE500FA78DC /* RealmSwift in Frameworks */,
			);
			runOnlyForDeploymentPostprocessing = 0;
		};
/* End PBXFrameworksBuildPhase section */

/* Begin PBXGroup section */
		4490CD2623775AD200E9BC83 /* Views */ = {
			isa = PBXGroup;
			children = (
				855B1EDE242F617D001F8F8B /* AboutView.swift */,
				44E5561F22D15E670000B95D /* ContentView.swift */,
				855B5A332427DB2A0093BB69 /* DiscoverView.swift */,
				855B5A352427DB4B0093BB69 /* SearchView.swift */,
				855B5A372427DE9E0093BB69 /* SettingsView.swift */,
				44E5563B22D179BA0000B95D /* MovieDetails.swift */,
				44E5563622D164D80000B95D /* MovieRow.swift */,
				8560236C2426C98F00F028DA /* SearchBar.swift */,
				855B1EE2242F61F1001F8F8B /* SectionCardView.swift */,
				855B857F24390D8C0002BCA2 /* FavoritesView.swift */,
				850D5A11248A6FE300016B1F /* ShimmerView.swift */,
				85BDF60E249D1536005362A0 /* MobileDataUsageView.swift */,
				85BDF610249D157C005362A0 /* ThemesView.swift */,
				855FAD1B24C97BAF003F942C /* NotificationsView.swift */,
			);
			path = Views;
			sourceTree = "<group>";
		};
		44E5560F22D15E670000B95D = {
			isa = PBXGroup;
			children = (
				44E5561A22D15E670000B95D /* Moviefy */,
				44E5561922D15E670000B95D /* Products */,
				85BEAF302441CBE000FA78DC /* Frameworks */,
			);
			sourceTree = "<group>";
		};
		44E5561922D15E670000B95D /* Products */ = {
			isa = PBXGroup;
			children = (
				44E5561822D15E670000B95D /* Moviefy.app */,
			);
			name = Products;
			sourceTree = "<group>";
		};
		44E5561A22D15E670000B95D /* Moviefy */ = {
			isa = PBXGroup;
			children = (
				855FAD1D24C981D2003F942C /* Moviefy.entitlements */,
				850D5A43248E2ACC00016B1F /* Services */,
				85CE27E72488E6A100C2AB49 /* ViewModel */,
				854C781624267CBE00BECFC2 /* Helpers */,
				4490CD2623775AD200E9BC83 /* Views */,
				855B857A243907A10002BCA2 /* Record */,
				44E5562F22D15E920000B95D /* Model */,
				44E5561B22D15E670000B95D /* AppDelegate.swift */,
				44E5561D22D15E670000B95D /* SceneDelegate.swift */,
				44E5562122D15E690000B95D /* Assets.xcassets */,
				44E5562622D15E690000B95D /* LaunchScreen.storyboard */,
				44E5562922D15E690000B95D /* Info.plist */,
				44E5562322D15E690000B95D /* Preview Content */,
			);
			path = Moviefy;
			sourceTree = "<group>";
		};
		44E5562322D15E690000B95D /* Preview Content */ = {
			isa = PBXGroup;
			children = (
				44E5562422D15E690000B95D /* Preview Assets.xcassets */,
			);
			path = "Preview Content";
			sourceTree = "<group>";
		};
		44E5562F22D15E920000B95D /* Model */ = {
			isa = PBXGroup;
			children = (
				44E5563022D15F3F0000B95D /* Movie.swift */,
				44E5563222D1602C0000B95D /* MovieList.swift */,
				8564F1BA247A8FAF0080D923 /* Video.swift */,
				8564F1B8247A8F930080D923 /* VideoList.swift */,
				855B1EE0242F61BE001F8F8B /* About.swift */,
				85CE27DF2488E52400C2AB49 /* Genre.swift */,
				85CE27E12488E54600C2AB49 /* Episode.swift */,
				85CE27E32488E55F00C2AB49 /* TVSeason.swift */,
				85CE27E52488E5F200C2AB49 /* Actor.swift */,
			);
			path = Model;
			sourceTree = "<group>";
		};
		850D5A43248E2ACC00016B1F /* Services */ = {
			isa = PBXGroup;
			children = (
				850D5A44248E2ACC00016B1F /* APIService */,
			);
			path = Services;
			sourceTree = "<group>";
		};
		850D5A44248E2ACC00016B1F /* APIService */ = {
			isa = PBXGroup;
			children = (
				850D5A45248E2ACC00016B1F /* APIError.swift */,
				850D5A46248E2ACC00016B1F /* APIClient.swift */,
				850D5A47248E2ACC00016B1F /* Utils */,
				850D5A49248E2ACC00016B1F /* Requests */,
				850D5A4D248E2ACC00016B1F /* APIResponse.swift */,
				850D5A4E248E2ACC00016B1F /* APIRequest.swift */,
			);
			path = APIService;
			sourceTree = "<group>";
		};
		850D5A47248E2ACC00016B1F /* Utils */ = {
			isa = PBXGroup;
			children = (
				850D5A48248E2ACC00016B1F /* HTTPParameter.swift */,
			);
			path = Utils;
			sourceTree = "<group>";
		};
		850D5A49248E2ACC00016B1F /* Requests */ = {
			isa = PBXGroup;
			children = (
				850D5A4A248E2ACC00016B1F /* APIEndpoints+TVShows.swift */,
				850D5A4B248E2ACC00016B1F /* APIEndpoints.swift */,
				850D5A4C248E2ACC00016B1F /* APIEndpoints+Movies.swift */,
				850D5A59248EAE5400016B1F /* APIEndpoints+Common.swift */,
			);
			path = Requests;
			sourceTree = "<group>";
		};
		854C781624267CBE00BECFC2 /* Helpers */ = {
			isa = PBXGroup;
			children = (
				855B1EE4242F6235001F8F8B /* View+Extension.swift */,
				855D50FA2430CB3A00903DFE /* WrapViewRepresentable.swift */,
				855D50F82430A76B00903DFE /* Wrap.swift */,
				85643AAD2438947600B94BC1 /* AnyGestureRecognizer.swift */,
				855D41DB2439E5F0000BAE61 /* ShareSheet.swift */,
				855D41DF2439FB0E000BAE61 /* TabBarController.swift */,
				855D41DD2439F738000BAE61 /* UITabView.swift */,
				856DF9492478726300347BE9 /* HorizontalMoviesView.swift */,
				8564F1BC247A93CB0080D923 /* HorizontalVideosView.swift */,
				850D5A57248EA62F00016B1F /* NetworkMonitor.swift */,
				85ADB5E02490E575006DB02A /* UIApplication+BuildVersion.swift */,
				855A5C4A249B7BEF009445F2 /* YouTubeVideo.swift */,
			);
			path = Helpers;
			sourceTree = "<group>";
		};
		855B857A243907A10002BCA2 /* Record */ = {
			isa = PBXGroup;
			children = (
				855B857B243907C00002BCA2 /* FavoriteMovieRecord.swift */,
				855B857D24390CBF0002BCA2 /* FavoriteMovieResults.swift */,
			);
			path = Record;
			sourceTree = "<group>";
		};
		85BEAF302441CBE000FA78DC /* Frameworks */ = {
			isa = PBXGroup;
			children = (
			);
			name = Frameworks;
			sourceTree = "<group>";
		};
		85CE27E72488E6A100C2AB49 /* ViewModel */ = {
			isa = PBXGroup;
			children = (
				85CE27E82488E6BA00C2AB49 /* MovieListViewModel.swift */,
				85CE27EA2488E86400C2AB49 /* GenresMovieListViewModel.swift */,
				850D5A13248AAE8400016B1F /* VideoListViewModel.swift */,
				85BDF612249D1ABA005362A0 /* ThemesViewModel.swift */,
			);
			path = ViewModel;
			sourceTree = "<group>";
		};
/* End PBXGroup section */

/* Begin PBXNativeTarget section */
		44E5561722D15E670000B95D /* Moviefy */ = {
			isa = PBXNativeTarget;
			buildConfigurationList = 44E5562C22D15E690000B95D /* Build configuration list for PBXNativeTarget "Moviefy" */;
			buildPhases = (
				44E5561422D15E670000B95D /* Sources */,
				44E5561522D15E670000B95D /* Frameworks */,
				44E5561622D15E670000B95D /* Resources */,
			);
			buildRules = (
			);
			dependencies = (
			);
			name = Moviefy;
			packageProductDependencies = (
				85BEAF332441CBE500FA78DC /* RealmSwift */,
				855C1ACF2479F6D900CD8960 /* SDWebImageSwiftUI */,
				855A5C402497D584009445F2 /* XCDYouTubeKit */,
			);
			productName = Swiftui_movie;
			productReference = 44E5561822D15E670000B95D /* Moviefy.app */;
			productType = "com.apple.product-type.application";
		};
/* End PBXNativeTarget section */

/* Begin PBXProject section */
		44E5561022D15E670000B95D /* Project object */ = {
			isa = PBXProject;
			attributes = {
				LastSwiftUpdateCheck = 1100;
				LastUpgradeCheck = 1100;
				ORGANIZATIONNAME = "Liem Vo";
				TargetAttributes = {
					44E5561722D15E670000B95D = {
						CreatedOnToolsVersion = 11.0;
					};
				};
			};
			buildConfigurationList = 44E5561322D15E670000B95D /* Build configuration list for PBXProject "Moviefy" */;
			compatibilityVersion = "Xcode 9.3";
			developmentRegion = en;
			hasScannedForEncodings = 0;
			knownRegions = (
				en,
				Base,
			);
			mainGroup = 44E5560F22D15E670000B95D;
			packageReferences = (
				85BEAF2D2441CA6200FA78DC /* XCRemoteSwiftPackageReference "realm-cocoa" */,
				855C1ACE2479F6D900CD8960 /* XCRemoteSwiftPackageReference "SDWebImageSwiftUI" */,
				855A5C3F2497D584009445F2 /* XCRemoteSwiftPackageReference "XCDYouTubeKit" */,
			);
			productRefGroup = 44E5561922D15E670000B95D /* Products */;
			projectDirPath = "";
			projectRoot = "";
			targets = (
				44E5561722D15E670000B95D /* Moviefy */,
			);
		};
/* End PBXProject section */

/* Begin PBXResourcesBuildPhase section */
		44E5561622D15E670000B95D /* Resources */ = {
			isa = PBXResourcesBuildPhase;
			buildActionMask = 2147483647;
			files = (
				44E5562822D15E690000B95D /* LaunchScreen.storyboard in Resources */,
				44E5562522D15E690000B95D /* Preview Assets.xcassets in Resources */,
				44E5562222D15E690000B95D /* Assets.xcassets in Resources */,
			);
			runOnlyForDeploymentPostprocessing = 0;
		};
/* End PBXResourcesBuildPhase section */

/* Begin PBXSourcesBuildPhase section */
		44E5561422D15E670000B95D /* Sources */ = {
			isa = PBXSourcesBuildPhase;
			buildActionMask = 2147483647;
			files = (
				855B1EDF242F617D001F8F8B /* AboutView.swift in Sources */,
				850D5A5A248EAE5400016B1F /* APIEndpoints+Common.swift in Sources */,
				855B5A382427DE9E0093BB69 /* SettingsView.swift in Sources */,
				855B5A342427DB2A0093BB69 /* DiscoverView.swift in Sources */,
				855B1EE5242F6235001F8F8B /* View+Extension.swift in Sources */,
				850D5A55248E2ACC00016B1F /* APIResponse.swift in Sources */,
				85CE27E22488E54600C2AB49 /* Episode.swift in Sources */,
				85CE27E02488E52400C2AB49 /* Genre.swift in Sources */,
				8564F1BB247A8FAF0080D923 /* Video.swift in Sources */,
				85BDF613249D1ABA005362A0 /* ThemesViewModel.swift in Sources */,
				44E5561C22D15E670000B95D /* AppDelegate.swift in Sources */,
				44E5561E22D15E670000B95D /* SceneDelegate.swift in Sources */,
				85ADB5E12490E575006DB02A /* UIApplication+BuildVersion.swift in Sources */,
				85CE27E42488E55F00C2AB49 /* TVSeason.swift in Sources */,
				850D5A52248E2ACC00016B1F /* APIEndpoints+TVShows.swift in Sources */,
				855B857E24390CBF0002BCA2 /* FavoriteMovieResults.swift in Sources */,
				44E5563C22D179BA0000B95D /* MovieDetails.swift in Sources */,
				85CE27EB2488E86400C2AB49 /* GenresMovieListViewModel.swift in Sources */,
				850D5A53248E2ACC00016B1F /* APIEndpoints.swift in Sources */,
				850D5A12248A6FE300016B1F /* ShimmerView.swift in Sources */,
				8564F1B9247A8F930080D923 /* VideoList.swift in Sources */,
				855B1EE3242F61F1001F8F8B /* SectionCardView.swift in Sources */,
				85CE27E92488E6BA00C2AB49 /* MovieListViewModel.swift in Sources */,
				855FAD1C24C97BAF003F942C /* NotificationsView.swift in Sources */,
				85643AAE2438947600B94BC1 /* AnyGestureRecognizer.swift in Sources */,
				8560236D2426C98F00F028DA /* SearchBar.swift in Sources */,
				44E5563122D15F3F0000B95D /* Movie.swift in Sources */,
				850D5A14248AAE8400016B1F /* VideoListViewModel.swift in Sources */,
				855B5A362427DB4B0093BB69 /* SearchView.swift in Sources */,
				85BDF611249D157C005362A0 /* ThemesView.swift in Sources */,
				44E5563722D164D80000B95D /* MovieRow.swift in Sources */,
				856DF94A2478726300347BE9 /* HorizontalMoviesView.swift in Sources */,
				855D41E02439FB0E000BAE61 /* TabBarController.swift in Sources */,
				44E5563322D1602C0000B95D /* MovieList.swift in Sources */,
				850D5A4F248E2ACC00016B1F /* APIError.swift in Sources */,
				855B858024390D8C0002BCA2 /* FavoritesView.swift in Sources */,
				85BDF60F249D1536005362A0 /* MobileDataUsageView.swift in Sources */,
				855A5C4B249B7BEF009445F2 /* YouTubeVideo.swift in Sources */,
				855B1EE1242F61BE001F8F8B /* About.swift in Sources */,
				44E5562022D15E670000B95D /* ContentView.swift in Sources */,
				850D5A51248E2ACC00016B1F /* HTTPParameter.swift in Sources */,
				85CE27E62488E5F200C2AB49 /* Actor.swift in Sources */,
				8564F1BD247A93CB0080D923 /* HorizontalVideosView.swift in Sources */,
				855D41DE2439F738000BAE61 /* UITabView.swift in Sources */,
				855D50FB2430CB3A00903DFE /* WrapViewRepresentable.swift in Sources */,
				850D5A50248E2ACC00016B1F /* APIClient.swift in Sources */,
				855D41DC2439E5F0000BAE61 /* ShareSheet.swift in Sources */,
				855D50F92430A76B00903DFE /* Wrap.swift in Sources */,
				855B857C243907C00002BCA2 /* FavoriteMovieRecord.swift in Sources */,
				850D5A56248E2ACC00016B1F /* APIRequest.swift in Sources */,
				850D5A54248E2ACC00016B1F /* APIEndpoints+Movies.swift in Sources */,
				850D5A58248EA62F00016B1F /* NetworkMonitor.swift in Sources */,
			);
			runOnlyForDeploymentPostprocessing = 0;
		};
/* End PBXSourcesBuildPhase section */

/* Begin PBXVariantGroup section */
		44E5562622D15E690000B95D /* LaunchScreen.storyboard */ = {
			isa = PBXVariantGroup;
			children = (
				44E5562722D15E690000B95D /* Base */,
			);
			name = LaunchScreen.storyboard;
			sourceTree = "<group>";
		};
/* End PBXVariantGroup section */

/* Begin XCBuildConfiguration section */
		44E5562A22D15E690000B95D /* Debug */ = {
			isa = XCBuildConfiguration;
			buildSettings = {
				ALWAYS_SEARCH_USER_PATHS = NO;
				CLANG_ANALYZER_NONNULL = YES;
				CLANG_ANALYZER_NUMBER_OBJECT_CONVERSION = YES_AGGRESSIVE;
				CLANG_CXX_LANGUAGE_STANDARD = "gnu++14";
				CLANG_CXX_LIBRARY = "libc++";
				CLANG_ENABLE_MODULES = YES;
				CLANG_ENABLE_OBJC_ARC = YES;
				CLANG_ENABLE_OBJC_WEAK = YES;
				CLANG_WARN_BLOCK_CAPTURE_AUTORELEASING = YES;
				CLANG_WARN_BOOL_CONVERSION = YES;
				CLANG_WARN_COMMA = YES;
				CLANG_WARN_CONSTANT_CONVERSION = YES;
				CLANG_WARN_DEPRECATED_OBJC_IMPLEMENTATIONS = YES;
				CLANG_WARN_DIRECT_OBJC_ISA_USAGE = YES_ERROR;
				CLANG_WARN_DOCUMENTATION_COMMENTS = YES;
				CLANG_WARN_EMPTY_BODY = YES;
				CLANG_WARN_ENUM_CONVERSION = YES;
				CLANG_WARN_INFINITE_RECURSION = YES;
				CLANG_WARN_INT_CONVERSION = YES;
				CLANG_WARN_NON_LITERAL_NULL_CONVERSION = YES;
				CLANG_WARN_OBJC_IMPLICIT_RETAIN_SELF = YES;
				CLANG_WARN_OBJC_LITERAL_CONVERSION = YES;
				CLANG_WARN_OBJC_ROOT_CLASS = YES_ERROR;
				CLANG_WARN_RANGE_LOOP_ANALYSIS = YES;
				CLANG_WARN_STRICT_PROTOTYPES = YES;
				CLANG_WARN_SUSPICIOUS_MOVE = YES;
				CLANG_WARN_UNGUARDED_AVAILABILITY = YES_AGGRESSIVE;
				CLANG_WARN_UNREACHABLE_CODE = YES;
				CLANG_WARN__DUPLICATE_METHOD_MATCH = YES;
				COPY_PHASE_STRIP = NO;
				DEBUG_INFORMATION_FORMAT = dwarf;
				ENABLE_STRICT_OBJC_MSGSEND = YES;
				ENABLE_TESTABILITY = YES;
				GCC_C_LANGUAGE_STANDARD = gnu11;
				GCC_DYNAMIC_NO_PIC = NO;
				GCC_NO_COMMON_BLOCKS = YES;
				GCC_OPTIMIZATION_LEVEL = 0;
				GCC_PREPROCESSOR_DEFINITIONS = (
					"DEBUG=1",
					"$(inherited)",
				);
				GCC_WARN_64_TO_32_BIT_CONVERSION = YES;
				GCC_WARN_ABOUT_RETURN_TYPE = YES_ERROR;
				GCC_WARN_UNDECLARED_SELECTOR = YES;
				GCC_WARN_UNINITIALIZED_AUTOS = YES_AGGRESSIVE;
				GCC_WARN_UNUSED_FUNCTION = YES;
				GCC_WARN_UNUSED_VARIABLE = YES;
				IPHONEOS_DEPLOYMENT_TARGET = 13.0;
				MTL_ENABLE_DEBUG_INFO = INCLUDE_SOURCE;
				MTL_FAST_MATH = YES;
				ONLY_ACTIVE_ARCH = YES;
				SDKROOT = iphoneos;
				SWIFT_ACTIVE_COMPILATION_CONDITIONS = DEBUG;
				SWIFT_OPTIMIZATION_LEVEL = "-Onone";
			};
			name = Debug;
		};
		44E5562B22D15E690000B95D /* Release */ = {
			isa = XCBuildConfiguration;
			buildSettings = {
				ALWAYS_SEARCH_USER_PATHS = NO;
				CLANG_ANALYZER_NONNULL = YES;
				CLANG_ANALYZER_NUMBER_OBJECT_CONVERSION = YES_AGGRESSIVE;
				CLANG_CXX_LANGUAGE_STANDARD = "gnu++14";
				CLANG_CXX_LIBRARY = "libc++";
				CLANG_ENABLE_MODULES = YES;
				CLANG_ENABLE_OBJC_ARC = YES;
				CLANG_ENABLE_OBJC_WEAK = YES;
				CLANG_WARN_BLOCK_CAPTURE_AUTORELEASING = YES;
				CLANG_WARN_BOOL_CONVERSION = YES;
				CLANG_WARN_COMMA = YES;
				CLANG_WARN_CONSTANT_CONVERSION = YES;
				CLANG_WARN_DEPRECATED_OBJC_IMPLEMENTATIONS = YES;
				CLANG_WARN_DIRECT_OBJC_ISA_USAGE = YES_ERROR;
				CLANG_WARN_DOCUMENTATION_COMMENTS = YES;
				CLANG_WARN_EMPTY_BODY = YES;
				CLANG_WARN_ENUM_CONVERSION = YES;
				CLANG_WARN_INFINITE_RECURSION = YES;
				CLANG_WARN_INT_CONVERSION = YES;
				CLANG_WARN_NON_LITERAL_NULL_CONVERSION = YES;
				CLANG_WARN_OBJC_IMPLICIT_RETAIN_SELF = YES;
				CLANG_WARN_OBJC_LITERAL_CONVERSION = YES;
				CLANG_WARN_OBJC_ROOT_CLASS = YES_ERROR;
				CLANG_WARN_RANGE_LOOP_ANALYSIS = YES;
				CLANG_WARN_STRICT_PROTOTYPES = YES;
				CLANG_WARN_SUSPICIOUS_MOVE = YES;
				CLANG_WARN_UNGUARDED_AVAILABILITY = YES_AGGRESSIVE;
				CLANG_WARN_UNREACHABLE_CODE = YES;
				CLANG_WARN__DUPLICATE_METHOD_MATCH = YES;
				COPY_PHASE_STRIP = NO;
				DEBUG_INFORMATION_FORMAT = "dwarf-with-dsym";
				ENABLE_NS_ASSERTIONS = NO;
				ENABLE_STRICT_OBJC_MSGSEND = YES;
				GCC_C_LANGUAGE_STANDARD = gnu11;
				GCC_NO_COMMON_BLOCKS = YES;
				GCC_WARN_64_TO_32_BIT_CONVERSION = YES;
				GCC_WARN_ABOUT_RETURN_TYPE = YES_ERROR;
				GCC_WARN_UNDECLARED_SELECTOR = YES;
				GCC_WARN_UNINITIALIZED_AUTOS = YES_AGGRESSIVE;
				GCC_WARN_UNUSED_FUNCTION = YES;
				GCC_WARN_UNUSED_VARIABLE = YES;
				IPHONEOS_DEPLOYMENT_TARGET = 13.0;
				MTL_ENABLE_DEBUG_INFO = NO;
				MTL_FAST_MATH = YES;
				SDKROOT = iphoneos;
				SWIFT_COMPILATION_MODE = wholemodule;
				SWIFT_OPTIMIZATION_LEVEL = "-O";
				VALIDATE_PRODUCT = YES;
			};
			name = Release;
		};
		44E5562D22D15E690000B95D /* Debug */ = {
			isa = XCBuildConfiguration;
			buildSettings = {
				ASSETCATALOG_COMPILER_APPICON_NAME = AppIcon;
				CODE_SIGN_ENTITLEMENTS = Moviefy/Moviefy.entitlements;
				CODE_SIGN_STYLE = Automatic;
				CURRENT_PROJECT_VERSION = 4;
				DEVELOPMENT_ASSET_PATHS = "";
				DEVELOPMENT_TEAM = C8ECT792GJ;
				ENABLE_PREVIEWS = YES;
				INFOPLIST_FILE = "$(SRCROOT)/Moviefy/Info.plist";
				LD_RUNPATH_SEARCH_PATHS = (
					"$(inherited)",
					"@executable_path/Frameworks",
				);
				PRODUCT_BUNDLE_IDENTIFIER = com.motionblink.moviefy;
				PRODUCT_NAME = Moviefy;
				SWIFT_VERSION = 5.0;
				TARGETED_DEVICE_FAMILY = 1;
			};
			name = Debug;
		};
		44E5562E22D15E690000B95D /* Release */ = {
			isa = XCBuildConfiguration;
			buildSettings = {
				ASSETCATALOG_COMPILER_APPICON_NAME = AppIcon;
				CODE_SIGN_ENTITLEMENTS = Moviefy/Moviefy.entitlements;
				CODE_SIGN_STYLE = Automatic;
				CURRENT_PROJECT_VERSION = 4;
				DEVELOPMENT_ASSET_PATHS = "";
				DEVELOPMENT_TEAM = C8ECT792GJ;
				ENABLE_PREVIEWS = YES;
				INFOPLIST_FILE = "$(SRCROOT)/Moviefy/Info.plist";
				LD_RUNPATH_SEARCH_PATHS = (
					"$(inherited)",
					"@executable_path/Frameworks",
				);
				PRODUCT_BUNDLE_IDENTIFIER = com.motionblink.moviefy;
				PRODUCT_NAME = Moviefy;
				SWIFT_VERSION = 5.0;
				TARGETED_DEVICE_FAMILY = 1;
			};
			name = Release;
		};
/* End XCBuildConfiguration section */

/* Begin XCConfigurationList section */
		44E5561322D15E670000B95D /* Build configuration list for PBXProject "Moviefy" */ = {
			isa = XCConfigurationList;
			buildConfigurations = (
				44E5562A22D15E690000B95D /* Debug */,
				44E5562B22D15E690000B95D /* Release */,
			);
			defaultConfigurationIsVisible = 0;
			defaultConfigurationName = Release;
		};
		44E5562C22D15E690000B95D /* Build configuration list for PBXNativeTarget "Moviefy" */ = {
			isa = XCConfigurationList;
			buildConfigurations = (
				44E5562D22D15E690000B95D /* Debug */,
				44E5562E22D15E690000B95D /* Release */,
			);
			defaultConfigurationIsVisible = 0;
			defaultConfigurationName = Release;
		};
/* End XCConfigurationList section */

/* Begin XCRemoteSwiftPackageReference section */
		855A5C3F2497D584009445F2 /* XCRemoteSwiftPackageReference "XCDYouTubeKit" */ = {
			isa = XCRemoteSwiftPackageReference;
			repositoryURL = "https://github.com/0xced/XCDYouTubeKit";
			requirement = {
				kind = upToNextMajorVersion;
				minimumVersion = 2.14.0;
			};
		};
		855C1ACE2479F6D900CD8960 /* XCRemoteSwiftPackageReference "SDWebImageSwiftUI" */ = {
			isa = XCRemoteSwiftPackageReference;
			repositoryURL = "https://github.com/SDWebImage/SDWebImageSwiftUI";
			requirement = {
				kind = upToNextMajorVersion;
				minimumVersion = 1.4.0;
			};
		};
		85BEAF2D2441CA6200FA78DC /* XCRemoteSwiftPackageReference "realm-cocoa" */ = {
			isa = XCRemoteSwiftPackageReference;
			repositoryURL = "https://github.com/realm/realm-cocoa";
			requirement = {
				kind = upToNextMajorVersion;
				minimumVersion = 4.4.0;
			};
		};
/* End XCRemoteSwiftPackageReference section */

/* Begin XCSwiftPackageProductDependency section */
		855A5C402497D584009445F2 /* XCDYouTubeKit */ = {
			isa = XCSwiftPackageProductDependency;
			package = 855A5C3F2497D584009445F2 /* XCRemoteSwiftPackageReference "XCDYouTubeKit" */;
			productName = XCDYouTubeKit;
		};
		855C1ACF2479F6D900CD8960 /* SDWebImageSwiftUI */ = {
			isa = XCSwiftPackageProductDependency;
			package = 855C1ACE2479F6D900CD8960 /* XCRemoteSwiftPackageReference "SDWebImageSwiftUI" */;
			productName = SDWebImageSwiftUI;
		};
		85BEAF332441CBE500FA78DC /* RealmSwift */ = {
			isa = XCSwiftPackageProductDependency;
			package = 85BEAF2D2441CA6200FA78DC /* XCRemoteSwiftPackageReference "realm-cocoa" */;
			productName = RealmSwift;
		};
/* End XCSwiftPackageProductDependency section */
	};
	rootObject = 44E5561022D15E670000B95D /* Project object */;
}
